
Microsoft Visual Studio Solution File, Format Version 12.00
# Visual Studio 15
VisualStudioVersion = 15.0.27130.2010
MinimumVisualStudioVersion = 10.0.40219.1
Project("{FAE04EC0-301F-11D3-BF4B-00C04F79EFBC}") = "EmprestimoJogos.Web", "EmprestimoJogos.Web\EmprestimoJogos.Web.csproj", "{AAECE36C-D0BC-4C55-998A-4870934AB006}"
EndProject
Project("{FAE04EC0-301F-11D3-BF4B-00C04F79EFBC}") = "EmprestimoJogos.Tests", "EmprestimoJogos.Tests\EmprestimoJogos.Tests.csproj", "{55151746-E4A9-48DC-AF5E-87592287D611}"
EndProject
Project("{FAE04EC0-301F-11D3-BF4B-00C04F79EFBC}") = "EmprestimoJogos.Domain", "EmprestimoJogos.Domain\EmprestimoJogos.Domain.csproj", "{C01EEC35-EF65-4F52-88B8-70D84301173E}"
EndProject
Global
	GlobalSection(SolutionConfigurationPlatforms) = preSolution
		Debug|Any CPU = Debug|Any CPU
		Release|Any CPU = Release|Any CPU
	EndGlobalSection
	GlobalSection(ProjectConfigurationPlatforms) = postSolution
		{AAECE36C-D0BC-4C55-998A-4870934AB006}.Debug|Any CPU.ActiveCfg = Debug|Any CPU
		{AAECE36C-D0BC-4C55-998A-4870934AB006}.Debug|Any CPU.Build.0 = Debug|Any CPU
		{AAECE36C-D0BC-4C55-998A-4870934AB006}.Release|Any CPU.ActiveCfg = Release|Any CPU
		{AAECE36C-D0BC-4C55-998A-4870934AB006}.Release|Any CPU.Build.0 = Release|Any CPU
		{55151746-E4A9-48DC-AF5E-87592287D611}.Debug|Any CPU.ActiveCfg = Debug|Any CPU
		{55151746-E4A9-48DC-AF5E-87592287D611}.Debug|Any CPU.Build.0 = Debug|Any CPU
		{55151746-E4A9-48DC-AF5E-87592287D611}.Release|Any CPU.ActiveCfg = Release|Any CPU
		{55151746-E4A9-48DC-AF5E-87592287D611}.Release|Any CPU.Build.0 = Release|Any CPU
		{C01EEC35-EF65-4F52-88B8-70D84301173E}.Debug|Any CPU.ActiveCfg = Debug|Any CPU
		{C01EEC35-EF65-4F52-88B8-70D84301173E}.Debug|Any CPU.Build.0 = Debug|Any CPU
		{C01EEC35-EF65-4F52-88B8-70D84301173E}.Release|Any CPU.ActiveCfg = Release|Any CPU
		{C01EEC35-EF65-4F52-88B8-70D84301173E}.Release|Any CPU.Build.0 = Release|Any CPU
	EndGlobalSection
	GlobalSection(SolutionProperties) = preSolution
		HideSolutionNode = FALSE
	EndGlobalSection
	GlobalSection(ExtensibilityGlobals) = postSolution
		SolutionGuid = {28084E92-08FE-4549-88A8-BDB6198EAAFB}
	EndGlobalSection
EndGlobal
